
Microsoft Visual Studio Solution File, Format Version 12.00
# Visual Studio Version 17
VisualStudioVersion = 17.12.35527.113 d17.12
MinimumVisualStudioVersion = 10.0.40219.1
Project("{FAE04EC0-301F-11D3-BF4B-00C04F79EFBC}") = "Lab11", "Lab11\Lab11.csproj", "{04E331A7-7360-4D6D-90E9-F9BEAEEB0160}"
EndProject
Project("{FAE04EC0-301F-11D3-BF4B-00C04F79EFBC}") = "Lab_11.a", "Lab_11.a\Lab_11.a.csproj", "{07ADC2AC-164A-44EB-AC6F-F94D8EBADE0B}"
EndProject
Global
	GlobalSection(SolutionConfigurationPlatforms) = preSolution
		Debug|Any CPU = Debug|Any CPU
		Release|Any CPU = Release|Any CPU
	EndGlobalSection
	GlobalSection(ProjectConfigurationPlatforms) = postSolution
		{04E331A7-7360-4D6D-90E9-F9BEAEEB0160}.Debug|Any CPU.ActiveCfg = Debug|Any CPU
		{04E331A7-7360-4D6D-90E9-F9BEAEEB0160}.Debug|Any CPU.Build.0 = Debug|Any CPU
		{04E331A7-7360-4D6D-90E9-F9BEAEEB0160}.Release|Any CPU.ActiveCfg = Release|Any CPU
		{04E331A7-7360-4D6D-90E9-F9BEAEEB0160}.Release|Any CPU.Build.0 = Release|Any CPU
		{07ADC2AC-164A-44EB-AC6F-F94D8EBADE0B}.Debug|Any CPU.ActiveCfg = Debug|Any CPU
		{07ADC2AC-164A-44EB-AC6F-F94D8EBADE0B}.Debug|Any CPU.Build.0 = Debug|Any CPU
		{07ADC2AC-164A-44EB-AC6F-F94D8EBADE0B}.Release|Any CPU.ActiveCfg = Release|Any CPU
		{07ADC2AC-164A-44EB-AC6F-F94D8EBADE0B}.Release|Any CPU.Build.0 = Release|Any CPU
	EndGlobalSection
	GlobalSection(SolutionProperties) = preSolution
		HideSolutionNode = FALSE
	EndGlobalSection
EndGlobal
