
Microsoft Visual Studio Solution File, Format Version 12.00
# Visual Studio Version 17
VisualStudioVersion = 17.12.35527.113 d17.12
MinimumVisualStudioVersion = 10.0.40219.1
Project("{FAE04EC0-301F-11D3-BF4B-00C04F79EFBC}") = "Lab05", "Lab05\Lab05.csproj", "{0366A298-4D69-4C0B-AE92-9AFED6ABF41C}"
EndProject
Project("{FAE04EC0-301F-11D3-BF4B-00C04F79EFBC}") = "Lab05.a", "Lab05.a\Lab05.a.csproj", "{861B2BE9-6EC1-4EAF-A6D5-849CDC8E7B95}"
EndProject
Global
	GlobalSection(SolutionConfigurationPlatforms) = preSolution
		Debug|Any CPU = Debug|Any CPU
		Release|Any CPU = Release|Any CPU
	EndGlobalSection
	GlobalSection(ProjectConfigurationPlatforms) = postSolution
		{0366A298-4D69-4C0B-AE92-9AFED6ABF41C}.Debug|Any CPU.ActiveCfg = Debug|Any CPU
		{0366A298-4D69-4C0B-AE92-9AFED6ABF41C}.Debug|Any CPU.Build.0 = Debug|Any CPU
		{0366A298-4D69-4C0B-AE92-9AFED6ABF41C}.Release|Any CPU.ActiveCfg = Release|Any CPU
		{0366A298-4D69-4C0B-AE92-9AFED6ABF41C}.Release|Any CPU.Build.0 = Release|Any CPU
		{861B2BE9-6EC1-4EAF-A6D5-849CDC8E7B95}.Debug|Any CPU.ActiveCfg = Debug|Any CPU
		{861B2BE9-6EC1-4EAF-A6D5-849CDC8E7B95}.Debug|Any CPU.Build.0 = Debug|Any CPU
		{861B2BE9-6EC1-4EAF-A6D5-849CDC8E7B95}.Release|Any CPU.ActiveCfg = Release|Any CPU
		{861B2BE9-6EC1-4EAF-A6D5-849CDC8E7B95}.Release|Any CPU.Build.0 = Release|Any CPU
	EndGlobalSection
	GlobalSection(SolutionProperties) = preSolution
		HideSolutionNode = FALSE
	EndGlobalSection
EndGlobal
